{
  "version": 4,
  "terraform_version": "1.9.5",
  "serial": 1,
  "lineage": "ed8cdada-5bed-2f0c-d51c-218d5c45e6e3",
  "outputs": {},
  "resources": [
    {
      "mode": "managed",
      "type": "spotify_playlist",
      "name": "Tollywood",
      "provider": "provider[\"registry.terraform.io/conradludgate/spotify\"]",
      "instances": [
        {
          "schema_version": 0,
          "attributes": {
            "description": null,
            "id": "1iLTqgtioJVZGnlnRhq8SK",
            "name": "Tollywood",
            "public": true,
            "snapshot_id": "AAAAAhzuer66VfHeEtyoVRa+0WDPQJ77",
            "tracks": [
              "2oMVPX0asvUfRfap0iEmXv"
            ]
          },
          "sensitive_attributes": [],
          "private": "bnVsbA=="
        }
      ]
    }
  ],
  "check_results": null
}
